
Microsoft Visual Studio Solution File, Format Version 12.00
# Visual Studio Version 16
VisualStudioVersion = 16.0.30104.148
MinimumVisualStudioVersion = 10.0.40219.1
Project("{FAE04EC0-301F-11D3-BF4B-00C04F79EFBC}") = "Labiratório 1", "Labiratório 1\Labiratório 1.csproj", "{3614A98E-51B3-49EB-8D67-9892A4F4AA99}"
EndProject
Global
	GlobalSection(SolutionConfigurationPlatforms) = preSolution
		Debug|Any CPU = Debug|Any CPU
		Release|Any CPU = Release|Any CPU
	EndGlobalSection
	GlobalSection(ProjectConfigurationPlatforms) = postSolution
		{3614A98E-51B3-49EB-8D67-9892A4F4AA99}.Debug|Any CPU.ActiveCfg = Debug|Any CPU
		{3614A98E-51B3-49EB-8D67-9892A4F4AA99}.Debug|Any CPU.Build.0 = Debug|Any CPU
		{3614A98E-51B3-49EB-8D67-9892A4F4AA99}.Release|Any CPU.ActiveCfg = Release|Any CPU
		{3614A98E-51B3-49EB-8D67-9892A4F4AA99}.Release|Any CPU.Build.0 = Release|Any CPU
	EndGlobalSection
	GlobalSection(SolutionProperties) = preSolution
		HideSolutionNode = FALSE
	EndGlobalSection
	GlobalSection(ExtensibilityGlobals) = postSolution
		SolutionGuid = {D1376034-D0F6-411B-8342-9FD8803B3FEC}
	EndGlobalSection
EndGlobal
